{
  "nodes": {
    "flake-utils": {
      "locked": {
        "lastModified": 1638122382,
        "narHash": "sha256-sQzZzAbvKEqN9s0bzWuYmRaA03v40gaJ4+iL1LXjaeI=",
        "owner": "numtide",
        "repo": "flake-utils",
        "rev": "74f7e4319258e287b0f9cb95426c9853b282730b",
        "type": "github"
      },
      "original": {
        "owner": "numtide",
        "repo": "flake-utils",
        "type": "github"
      }
    },
    "home-manager": {
      "inputs": {
        "nixpkgs": [
          "nixpkgs"
        ]
      },
      "locked": {
        "lastModified": 1637917894,
        "narHash": "sha256-mzkyjq+OW1K5XHG43zrnjJX/K1ehahVWlKjMzWX/Vvg=",
        "owner": "nix-community",
        "repo": "home-manager",
        "rev": "7efd99ef876c220848553ae10218685d5e5d79cb",
        "type": "github"
      },
      "original": {
        "owner": "nix-community",
        "ref": "release-21.05",
        "repo": "home-manager",
        "type": "github"
      }
    },
    "nixos-hardware": {
      "locked": {
        "lastModified": 1638182287,
        "narHash": "sha256-vBzf+hbTJz2ZdXV/DWirl6wOO7tjdqzTIU+0FANt65U=",
        "owner": "NixOS",
        "repo": "nixos-hardware",
        "rev": "6b3f79de09c3de7c91ab51e55e87879f61b6faec",
        "type": "github"
      },
      "original": {
        "owner": "NixOS",
        "ref": "master",
        "repo": "nixos-hardware",
        "type": "github"
      }
    },
    "nixpkgs": {
      "locked": {
        "lastModified": 1637973395,
        "narHash": "sha256-wp/QgsnnKJAIMZeQgJT1bWQ/OutZ+80lHwtpYAUWDfE=",
        "owner": "NixOS",
        "repo": "nixpkgs",
        "rev": "4f37689c8a219a9d756c5ff38525ad09349f422f",
        "type": "github"
      },
      "original": {
        "owner": "NixOS",
        "ref": "nixos-21.05",
        "repo": "nixpkgs",
        "type": "github"
      }
    },
    "nixpkgs-master": {
      "locked": {
        "lastModified": 1638187114,
        "narHash": "sha256-NT7ayqLnA1HDtFAwMIlTAP0EhEDvhYb3KHOvH7pkmwc=",
        "owner": "NixOS",
        "repo": "nixpkgs",
        "rev": "bcf06e7339f2881fa39345c7c79331ef12d78982",
        "type": "github"
      },
      "original": {
        "owner": "NixOS",
        "ref": "master",
        "repo": "nixpkgs",
        "type": "github"
      }
    },
    "root": {
      "inputs": {
        "flake-utils": "flake-utils",
        "home-manager": "home-manager",
        "nixos-hardware": "nixos-hardware",
        "nixpkgs": "nixpkgs",
        "nixpkgs-master": "nixpkgs-master"
      }
    }
  },
  "root": "root",
  "version": 7
}
